{
  "pins" : [
    {
      "identity" : "iphonenumberfield",
      "kind" : "remoteSourceControl",
      "location" : "https://github.com/MojtabaHs/iPhoneNumberField.git",
      "state" : {
        "revision" : "081c1bde0bcb4b9102694076c02fa9dd9cb1f520",
        "version" : "0.10.3"
      }
    },
    {
      "identity" : "phonenumberkit",
      "kind" : "remoteSourceControl",
      "location" : "https://github.com/marmelroy/PhoneNumberKit",
      "state" : {
        "revision" : "ee5d7114934e60812c9b47c333f01b67d002be2d",
        "version" : "3.7.10"
      }
    }
  ],
  "version" : 2
}
